
Microsoft Visual Studio Solution File, Format Version 12.00
# Visual Studio Version 16
VisualStudioVersion = 16.0.30804.86
MinimumVisualStudioVersion = 10.0.40219.1
Project("{FAE04EC0-301F-11D3-BF4B-00C04F79EFBC}") = "PH.Domain", "PH.Domain\PH.Domain.csproj", "{7C07CA96-7BDC-40F9-9638-3F7F23E8B60F}"
EndProject
Project("{FAE04EC0-301F-11D3-BF4B-00C04F79EFBC}") = "PH.WebUI", "PH.WebUI\PH.WebUI.csproj", "{2F04D5EF-EEF3-4B8E-9C30-9550A4D14471}"
EndProject
Global
	GlobalSection(SolutionConfigurationPlatforms) = preSolution
		Debug|Any CPU = Debug|Any CPU
		Release|Any CPU = Release|Any CPU
	EndGlobalSection
	GlobalSection(ProjectConfigurationPlatforms) = postSolution
		{7C07CA96-7BDC-40F9-9638-3F7F23E8B60F}.Debug|Any CPU.ActiveCfg = Debug|Any CPU
		{7C07CA96-7BDC-40F9-9638-3F7F23E8B60F}.Debug|Any CPU.Build.0 = Debug|Any CPU
		{7C07CA96-7BDC-40F9-9638-3F7F23E8B60F}.Release|Any CPU.ActiveCfg = Release|Any CPU
		{7C07CA96-7BDC-40F9-9638-3F7F23E8B60F}.Release|Any CPU.Build.0 = Release|Any CPU
		{2F04D5EF-EEF3-4B8E-9C30-9550A4D14471}.Debug|Any CPU.ActiveCfg = Debug|Any CPU
		{2F04D5EF-EEF3-4B8E-9C30-9550A4D14471}.Debug|Any CPU.Build.0 = Debug|Any CPU
		{2F04D5EF-EEF3-4B8E-9C30-9550A4D14471}.Release|Any CPU.ActiveCfg = Release|Any CPU
		{2F04D5EF-EEF3-4B8E-9C30-9550A4D14471}.Release|Any CPU.Build.0 = Release|Any CPU
	EndGlobalSection
	GlobalSection(SolutionProperties) = preSolution
		HideSolutionNode = FALSE
	EndGlobalSection
	GlobalSection(ExtensibilityGlobals) = postSolution
		SolutionGuid = {21B409C6-2C21-44B5-83F5-A3F2F56F0A3C}
	EndGlobalSection
EndGlobal
