Microsoft Visual Studio Solution File, Format Version 12.00
# Visual Studio Version 16
VisualStudioVersion = 16.0.30804.86
MinimumVisualStudioVersion = 10.0.40219.1
Project("{2150E333-8FDC-42A3-9474-1A3956D46DE8}") = "domain", "domain", "{95AB7839-8342-4B4A-944E-EA03FB0F87B2}"
EndProject
Project("{2150E333-8FDC-42A3-9474-1A3956D46DE8}") = "infrastructure", "infrastructure", "{F2845D06-9EB3-4EFE-A125-03844D64CBE9}"
EndProject
Project("{9A19103F-16F7-4668-BE54-9A1E7A4F7556}") = "PharmacyHome.Memory", "infrastruture\PharmacyHome.Memory\PharmacyHome.Memory.csproj", "{7EB83C6F-2687-4381-965A-62ABA3699915}"
EndProject
Project("{9A19103F-16F7-4668-BE54-9A1E7A4F7556}") = "PharmacyHome", "domain\PharmacyHome\PharmacyHome.csproj", "{D921B676-88CC-4D07-88B2-8665F14FC41D}"
EndProject
Global
	GlobalSection(SolutionConfigurationPlatforms) = preSolution
		Debug|Any CPU = Debug|Any CPU
		Release|Any CPU = Release|Any CPU
	EndGlobalSection
	GlobalSection(ProjectConfigurationPlatforms) = postSolution
		{7EB83C6F-2687-4381-965A-62ABA3699915}.Debug|Any CPU.ActiveCfg = Debug|Any CPU
		{7EB83C6F-2687-4381-965A-62ABA3699915}.Debug|Any CPU.Build.0 = Debug|Any CPU
		{7EB83C6F-2687-4381-965A-62ABA3699915}.Release|Any CPU.ActiveCfg = Release|Any CPU
		{7EB83C6F-2687-4381-965A-62ABA3699915}.Release|Any CPU.Build.0 = Release|Any CPU
		{D921B676-88CC-4D07-88B2-8665F14FC41D}.Debug|Any CPU.ActiveCfg = Debug|Any CPU
		{D921B676-88CC-4D07-88B2-8665F14FC41D}.Debug|Any CPU.Build.0 = Debug|Any CPU
		{D921B676-88CC-4D07-88B2-8665F14FC41D}.Release|Any CPU.ActiveCfg = Release|Any CPU
		{D921B676-88CC-4D07-88B2-8665F14FC41D}.Release|Any CPU.Build.0 = Release|Any CPU
	EndGlobalSection
	GlobalSection(SolutionProperties) = preSolution
		HideSolutionNode = FALSE
	EndGlobalSection
	GlobalSection(NestedProjects) = preSolution
		{7EB83C6F-2687-4381-965A-62ABA3699915} = {F2845D06-9EB3-4EFE-A125-03844D64CBE9}
		{D921B676-88CC-4D07-88B2-8665F14FC41D} = {95AB7839-8342-4B4A-944E-EA03FB0F87B2}
	EndGlobalSection
	GlobalSection(ExtensibilityGlobals) = postSolution
		SolutionGuid = {21B409C6-2C21-44B5-83F5-A3F2F56F0A3C}
	EndGlobalSection
EndGlobal
